
Microsoft Visual Studio Solution File, Format Version 12.00
# Visual Studio Version 16
VisualStudioVersion = 16.0.30011.22
MinimumVisualStudioVersion = 10.0.40219.1
Project("{9A19103F-16F7-4668-BE54-9A1E7A4F7556}") = "QuizManager", "QuizManager\QuizManager.csproj", "{A37176DA-301D-434E-BF4A-39B430B2C28A}"
EndProject
Project("{FAE04EC0-301F-11D3-BF4B-00C04F79EFBC}") = "QuizManager.Data", "QuizManager.Data\QuizManager.Data.csproj", "{CBE78E6A-FB37-4522-BBF6-1F94BCC59A76}"
EndProject
Global
	GlobalSection(SolutionConfigurationPlatforms) = preSolution
		Debug|Any CPU = Debug|Any CPU
		Release|Any CPU = Release|Any CPU
	EndGlobalSection
	GlobalSection(ProjectConfigurationPlatforms) = postSolution
		{A37176DA-301D-434E-BF4A-39B430B2C28A}.Debug|Any CPU.ActiveCfg = Debug|Any CPU
		{A37176DA-301D-434E-BF4A-39B430B2C28A}.Debug|Any CPU.Build.0 = Debug|Any CPU
		{A37176DA-301D-434E-BF4A-39B430B2C28A}.Release|Any CPU.ActiveCfg = Release|Any CPU
		{A37176DA-301D-434E-BF4A-39B430B2C28A}.Release|Any CPU.Build.0 = Release|Any CPU
		{CBE78E6A-FB37-4522-BBF6-1F94BCC59A76}.Debug|Any CPU.ActiveCfg = Debug|Any CPU
		{CBE78E6A-FB37-4522-BBF6-1F94BCC59A76}.Debug|Any CPU.Build.0 = Debug|Any CPU
		{CBE78E6A-FB37-4522-BBF6-1F94BCC59A76}.Release|Any CPU.ActiveCfg = Release|Any CPU
		{CBE78E6A-FB37-4522-BBF6-1F94BCC59A76}.Release|Any CPU.Build.0 = Release|Any CPU
	EndGlobalSection
	GlobalSection(SolutionProperties) = preSolution
		HideSolutionNode = FALSE
	EndGlobalSection
	GlobalSection(ExtensibilityGlobals) = postSolution
		SolutionGuid = {5F4FCDBE-D0E6-43F6-A24B-730CFD94189A}
	EndGlobalSection
EndGlobal
